// !$*UTF8*$!
{
	archiveVersion = 1;
	classes = {
	};
	objectVersion = 55;
	objects = {

/* Begin PBXBuildFile section */
		28163FFB2744B79D002B17C2 /* PostCell.swift in Sources */ = {isa = PBXBuildFile; fileRef = 28163FFA2744B79D002B17C2 /* PostCell.swift */; };
		28163FFD2744B7F1002B17C2 /* QuestionAnswerViewController.swift in Sources */ = {isa = PBXBuildFile; fileRef = 28163FFC2744B7F1002B17C2 /* QuestionAnswerViewController.swift */; };
		28163FFF2744B80E002B17C2 /* NoteViewController.swift in Sources */ = {isa = PBXBuildFile; fileRef = 28163FFE2744B80E002B17C2 /* NoteViewController.swift */; };
		281640012744B820002B17C2 /* ProfileViewController.swift in Sources */ = {isa = PBXBuildFile; fileRef = 281640002744B820002B17C2 /* ProfileViewController.swift */; };
		281640072744C7F5002B17C2 /* bert-base-uncased-vocab.txt in Resources */ = {isa = PBXBuildFile; fileRef = 281640062744C7F5002B17C2 /* bert-base-uncased-vocab.txt */; };
		281640092744C8B4002B17C2 /* BERTVocabulary.swift in Sources */ = {isa = PBXBuildFile; fileRef = 281640082744C8B4002B17C2 /* BERTVocabulary.swift */; };
		2816400B2744CBEF002B17C2 /* TokenizedString.swift in Sources */ = {isa = PBXBuildFile; fileRef = 2816400A2744CBEF002B17C2 /* TokenizedString.swift */; };
		2816400D2744CCE8002B17C2 /* BERTInput.swift in Sources */ = {isa = PBXBuildFile; fileRef = 2816400C2744CCE8002B17C2 /* BERTInput.swift */; };
		2816400F2744CD2C002B17C2 /* BERTOutput.swift in Sources */ = {isa = PBXBuildFile; fileRef = 2816400E2744CD2C002B17C2 /* BERTOutput.swift */; };
		281640112744CD4A002B17C2 /* BERT.swift in Sources */ = {isa = PBXBuildFile; fileRef = 281640102744CD4A002B17C2 /* BERT.swift */; };
		281640152744F730002B17C2 /* BERTQAFP16.mlmodel in Sources */ = {isa = PBXBuildFile; fileRef = 281640142744F730002B17C2 /* BERTQAFP16.mlmodel */; };
		77DBC069273E07830065AEBF /* AppDelegate.swift in Sources */ = {isa = PBXBuildFile; fileRef = 77DBC068273E07830065AEBF /* AppDelegate.swift */; };
		77DBC06B273E07830065AEBF /* SceneDelegate.swift in Sources */ = {isa = PBXBuildFile; fileRef = 77DBC06A273E07830065AEBF /* SceneDelegate.swift */; };
		77DBC070273E07830065AEBF /* Main.storyboard in Resources */ = {isa = PBXBuildFile; fileRef = 77DBC06E273E07830065AEBF /* Main.storyboard */; };
		77DBC072273E07840065AEBF /* Assets.xcassets in Resources */ = {isa = PBXBuildFile; fileRef = 77DBC071273E07840065AEBF /* Assets.xcassets */; };
		77DBC075273E07840065AEBF /* LaunchScreen.storyboard in Resources */ = {isa = PBXBuildFile; fileRef = 77DBC073273E07840065AEBF /* LaunchScreen.storyboard */; };
		77DBC080273E07840065AEBF /* QuickQuizTests.swift in Sources */ = {isa = PBXBuildFile; fileRef = 77DBC07F273E07840065AEBF /* QuickQuizTests.swift */; };
		77DBC08A273E07840065AEBF /* QuickQuizUITests.swift in Sources */ = {isa = PBXBuildFile; fileRef = 77DBC089273E07840065AEBF /* QuickQuizUITests.swift */; };
		77DBC08C273E07840065AEBF /* QuickQuizUITestsLaunchTests.swift in Sources */ = {isa = PBXBuildFile; fileRef = 77DBC08B273E07840065AEBF /* QuickQuizUITestsLaunchTests.swift */; };
		77DBC099273E366E0065AEBF /* LoginViewController.swift in Sources */ = {isa = PBXBuildFile; fileRef = 77DBC098273E366E0065AEBF /* LoginViewController.swift */; };
		77DBC09B273E36800065AEBF /* FeedViewController.swift in Sources */ = {isa = PBXBuildFile; fileRef = 77DBC09A273E36800065AEBF /* FeedViewController.swift */; };
		C228E8DC1E400519B8E80B19 /* Pods_QuickQuiz_QuickQuizUITests.framework in Frameworks */ = {isa = PBXBuildFile; fileRef = 150ABF004763DB86FCD33306 /* Pods_QuickQuiz_QuickQuizUITests.framework */; };
		D199219765F41EDFDC70AF98 /* Pods_QuickQuizTests.framework in Frameworks */ = {isa = PBXBuildFile; fileRef = 2F7D4A2752E277A56858D4D6 /* Pods_QuickQuizTests.framework */; };
		DA2EE885413F20B543CB49AB /* Pods_QuickQuiz.framework in Frameworks */ = {isa = PBXBuildFile; fileRef = CB3AAAFBA0D990E58214DB7A /* Pods_QuickQuiz.framework */; };
/* End PBXBuildFile section */

/* Begin PBXContainerItemProxy section */
		77DBC07C273E07840065AEBF /* PBXContainerItemProxy */ = {
			isa = PBXContainerItemProxy;
			containerPortal = 77DBC05D273E07830065AEBF /* Project object */;
			proxyType = 1;
			remoteGlobalIDString = 77DBC064273E07830065AEBF;
			remoteInfo = QuickQuiz;
		};
		77DBC086273E07840065AEBF /* PBXContainerItemProxy */ = {
			isa = PBXContainerItemProxy;
			containerPortal = 77DBC05D273E07830065AEBF /* Project object */;
			proxyType = 1;
			remoteGlobalIDString = 77DBC064273E07830065AEBF;
			remoteInfo = QuickQuiz;
		};
/* End PBXContainerItemProxy section */

/* Begin PBXFileReference section */
		150ABF004763DB86FCD33306 /* Pods_QuickQuiz_QuickQuizUITests.framework */ = {isa = PBXFileReference; explicitFileType = wrapper.framework; includeInIndex = 0; path = Pods_QuickQuiz_QuickQuizUITests.framework; sourceTree = BUILT_PRODUCTS_DIR; };
		1980449784CB1B51BB8F5554 /* Pods-QuickQuiz-QuickQuizUITests.debug.xcconfig */ = {isa = PBXFileReference; includeInIndex = 1; lastKnownFileType = text.xcconfig; name = "Pods-QuickQuiz-QuickQuizUITests.debug.xcconfig"; path = "Target Support Files/Pods-QuickQuiz-QuickQuizUITests/Pods-QuickQuiz-QuickQuizUITests.debug.xcconfig"; sourceTree = "<group>"; };
		28163FFA2744B79D002B17C2 /* PostCell.swift */ = {isa = PBXFileReference; lastKnownFileType = sourcecode.swift; path = PostCell.swift; sourceTree = "<group>"; };
		28163FFC2744B7F1002B17C2 /* QuestionAnswerViewController.swift */ = {isa = PBXFileReference; lastKnownFileType = sourcecode.swift; path = QuestionAnswerViewController.swift; sourceTree = "<group>"; };
		28163FFE2744B80E002B17C2 /* NoteViewController.swift */ = {isa = PBXFileReference; lastKnownFileType = sourcecode.swift; path = NoteViewController.swift; sourceTree = "<group>"; };
		281640002744B820002B17C2 /* ProfileViewController.swift */ = {isa = PBXFileReference; lastKnownFileType = sourcecode.swift; path = ProfileViewController.swift; sourceTree = "<group>"; };
		281640062744C7F5002B17C2 /* bert-base-uncased-vocab.txt */ = {isa = PBXFileReference; lastKnownFileType = text; path = "bert-base-uncased-vocab.txt"; sourceTree = "<group>"; };
		281640082744C8B4002B17C2 /* BERTVocabulary.swift */ = {isa = PBXFileReference; lastKnownFileType = sourcecode.swift; path = BERTVocabulary.swift; sourceTree = "<group>"; };
		2816400A2744CBEF002B17C2 /* TokenizedString.swift */ = {isa = PBXFileReference; lastKnownFileType = sourcecode.swift; path = TokenizedString.swift; sourceTree = "<group>"; };
		2816400C2744CCE8002B17C2 /* BERTInput.swift */ = {isa = PBXFileReference; lastKnownFileType = sourcecode.swift; path = BERTInput.swift; sourceTree = "<group>"; };
		2816400E2744CD2C002B17C2 /* BERTOutput.swift */ = {isa = PBXFileReference; lastKnownFileType = sourcecode.swift; path = BERTOutput.swift; sourceTree = "<group>"; };
		281640102744CD4A002B17C2 /* BERT.swift */ = {isa = PBXFileReference; lastKnownFileType = sourcecode.swift; path = BERT.swift; sourceTree = "<group>"; };
		281640142744F730002B17C2 /* BERTQAFP16.mlmodel */ = {isa = PBXFileReference; lastKnownFileType = file.mlmodel; name = BERTQAFP16.mlmodel; path = ../../../../Downloads/FindingAnswersToQuestionsInATextDocument/FindingAnswers/Model/BERTQAFP16.mlmodel; sourceTree = "<group>"; };
		2F7D4A2752E277A56858D4D6 /* Pods_QuickQuizTests.framework */ = {isa = PBXFileReference; explicitFileType = wrapper.framework; includeInIndex = 0; path = Pods_QuickQuizTests.framework; sourceTree = BUILT_PRODUCTS_DIR; };
		2FD1AD2E26D79640E8B8EAB2 /* Pods-QuickQuizTests.debug.xcconfig */ = {isa = PBXFileReference; includeInIndex = 1; lastKnownFileType = text.xcconfig; name = "Pods-QuickQuizTests.debug.xcconfig"; path = "Target Support Files/Pods-QuickQuizTests/Pods-QuickQuizTests.debug.xcconfig"; sourceTree = "<group>"; };
		3756C6B025B0CE2E148A8391 /* Pods-QuickQuizTests.release.xcconfig */ = {isa = PBXFileReference; includeInIndex = 1; lastKnownFileType = text.xcconfig; name = "Pods-QuickQuizTests.release.xcconfig"; path = "Target Support Files/Pods-QuickQuizTests/Pods-QuickQuizTests.release.xcconfig"; sourceTree = "<group>"; };
		413A0D6280347ACC83B2E48A /* Pods-QuickQuiz-QuickQuizUITests.release.xcconfig */ = {isa = PBXFileReference; includeInIndex = 1; lastKnownFileType = text.xcconfig; name = "Pods-QuickQuiz-QuickQuizUITests.release.xcconfig"; path = "Target Support Files/Pods-QuickQuiz-QuickQuizUITests/Pods-QuickQuiz-QuickQuizUITests.release.xcconfig"; sourceTree = "<group>"; };
		77DBC065273E07830065AEBF /* QuickQuiz.app */ = {isa = PBXFileReference; explicitFileType = wrapper.application; includeInIndex = 0; path = QuickQuiz.app; sourceTree = BUILT_PRODUCTS_DIR; };
		77DBC068273E07830065AEBF /* AppDelegate.swift */ = {isa = PBXFileReference; lastKnownFileType = sourcecode.swift; path = AppDelegate.swift; sourceTree = "<group>"; };
		77DBC06A273E07830065AEBF /* SceneDelegate.swift */ = {isa = PBXFileReference; lastKnownFileType = sourcecode.swift; path = SceneDelegate.swift; sourceTree = "<group>"; };
		77DBC06F273E07830065AEBF /* Base */ = {isa = PBXFileReference; lastKnownFileType = file.storyboard; name = Base; path = Base.lproj/Main.storyboard; sourceTree = "<group>"; };
		77DBC071273E07840065AEBF /* Assets.xcassets */ = {isa = PBXFileReference; lastKnownFileType = folder.assetcatalog; path = Assets.xcassets; sourceTree = "<group>"; };
		77DBC074273E07840065AEBF /* Base */ = {isa = PBXFileReference; lastKnownFileType = file.storyboard; name = Base; path = Base.lproj/LaunchScreen.storyboard; sourceTree = "<group>"; };
		77DBC076273E07840065AEBF /* Info.plist */ = {isa = PBXFileReference; lastKnownFileType = text.plist.xml; path = Info.plist; sourceTree = "<group>"; };
		77DBC07B273E07840065AEBF /* QuickQuizTests.xctest */ = {isa = PBXFileReference; explicitFileType = wrapper.cfbundle; includeInIndex = 0; path = QuickQuizTests.xctest; sourceTree = BUILT_PRODUCTS_DIR; };
		77DBC07F273E07840065AEBF /* QuickQuizTests.swift */ = {isa = PBXFileReference; lastKnownFileType = sourcecode.swift; path = QuickQuizTests.swift; sourceTree = "<group>"; };
		77DBC085273E07840065AEBF /* QuickQuizUITests.xctest */ = {isa = PBXFileReference; explicitFileType = wrapper.cfbundle; includeInIndex = 0; path = QuickQuizUITests.xctest; sourceTree = BUILT_PRODUCTS_DIR; };
		77DBC089273E07840065AEBF /* QuickQuizUITests.swift */ = {isa = PBXFileReference; lastKnownFileType = sourcecode.swift; path = QuickQuizUITests.swift; sourceTree = "<group>"; };
		77DBC08B273E07840065AEBF /* QuickQuizUITestsLaunchTests.swift */ = {isa = PBXFileReference; lastKnownFileType = sourcecode.swift; path = QuickQuizUITestsLaunchTests.swift; sourceTree = "<group>"; };
		77DBC098273E366E0065AEBF /* LoginViewController.swift */ = {isa = PBXFileReference; lastKnownFileType = sourcecode.swift; path = LoginViewController.swift; sourceTree = "<group>"; };
		77DBC09A273E36800065AEBF /* FeedViewController.swift */ = {isa = PBXFileReference; lastKnownFileType = sourcecode.swift; path = FeedViewController.swift; sourceTree = "<group>"; };
		84044E73CD9CE1ECEA865936 /* Pods-QuickQuiz.debug.xcconfig */ = {isa = PBXFileReference; includeInIndex = 1; lastKnownFileType = text.xcconfig; name = "Pods-QuickQuiz.debug.xcconfig"; path = "Target Support Files/Pods-QuickQuiz/Pods-QuickQuiz.debug.xcconfig"; sourceTree = "<group>"; };
		99C8A92143D8BA0A812B96BA /* Pods-QuickQuiz.release.xcconfig */ = {isa = PBXFileReference; includeInIndex = 1; lastKnownFileType = text.xcconfig; name = "Pods-QuickQuiz.release.xcconfig"; path = "Target Support Files/Pods-QuickQuiz/Pods-QuickQuiz.release.xcconfig"; sourceTree = "<group>"; };
		CB3AAAFBA0D990E58214DB7A /* Pods_QuickQuiz.framework */ = {isa = PBXFileReference; explicitFileType = wrapper.framework; includeInIndex = 0; path = Pods_QuickQuiz.framework; sourceTree = BUILT_PRODUCTS_DIR; };
/* End PBXFileReference section */

/* Begin PBXFrameworksBuildPhase section */
		77DBC062273E07830065AEBF /* Frameworks */ = {
			isa = PBXFrameworksBuildPhase;
			buildActionMask = 2147483647;
			files = (
				DA2EE885413F20B543CB49AB /* Pods_QuickQuiz.framework in Frameworks */,
			);
			runOnlyForDeploymentPostprocessing = 0;
		};
		77DBC078273E07840065AEBF /* Frameworks */ = {
			isa = PBXFrameworksBuildPhase;
			buildActionMask = 2147483647;
			files = (
				D199219765F41EDFDC70AF98 /* Pods_QuickQuizTests.framework in Frameworks */,
			);
			runOnlyForDeploymentPostprocessing = 0;
		};
		77DBC082273E07840065AEBF /* Frameworks */ = {
			isa = PBXFrameworksBuildPhase;
			buildActionMask = 2147483647;
			files = (
				C228E8DC1E400519B8E80B19 /* Pods_QuickQuiz_QuickQuizUITests.framework in Frameworks */,
			);
			runOnlyForDeploymentPostprocessing = 0;
		};
/* End PBXFrameworksBuildPhase section */

/* Begin PBXGroup section */
		20477F56A5A2CEB00FE6D85D /* Frameworks */ = {
			isa = PBXGroup;
			children = (
				CB3AAAFBA0D990E58214DB7A /* Pods_QuickQuiz.framework */,
				150ABF004763DB86FCD33306 /* Pods_QuickQuiz_QuickQuizUITests.framework */,
				2F7D4A2752E277A56858D4D6 /* Pods_QuickQuizTests.framework */,
			);
			name = Frameworks;
			sourceTree = "<group>";
		};
		281640032744C67F002B17C2 /* Model */ = {
			isa = PBXGroup;
			children = (
				281640062744C7F5002B17C2 /* bert-base-uncased-vocab.txt */,
				281640082744C8B4002B17C2 /* BERTVocabulary.swift */,
				2816400A2744CBEF002B17C2 /* TokenizedString.swift */,
				281640142744F730002B17C2 /* BERTQAFP16.mlmodel */,
				2816400C2744CCE8002B17C2 /* BERTInput.swift */,
				2816400E2744CD2C002B17C2 /* BERTOutput.swift */,
				281640102744CD4A002B17C2 /* BERT.swift */,
			);
			path = Model;
			sourceTree = "<group>";
		};
		77DBC05C273E07830065AEBF = {
			isa = PBXGroup;
			children = (
				77DBC067273E07830065AEBF /* QuickQuiz */,
				77DBC07E273E07840065AEBF /* QuickQuizTests */,
				77DBC088273E07840065AEBF /* QuickQuizUITests */,
				77DBC066273E07830065AEBF /* Products */,
				C95CE2D5E7824E0D59427430 /* Pods */,
				20477F56A5A2CEB00FE6D85D /* Frameworks */,
			);
			sourceTree = "<group>";
		};
		77DBC066273E07830065AEBF /* Products */ = {
			isa = PBXGroup;
			children = (
				77DBC065273E07830065AEBF /* QuickQuiz.app */,
				77DBC07B273E07840065AEBF /* QuickQuizTests.xctest */,
				77DBC085273E07840065AEBF /* QuickQuizUITests.xctest */,
			);
			name = Products;
			sourceTree = "<group>";
		};
		77DBC067273E07830065AEBF /* QuickQuiz */ = {
			isa = PBXGroup;
			children = (
				281640032744C67F002B17C2 /* Model */,
				77DBC068273E07830065AEBF /* AppDelegate.swift */,
				77DBC06A273E07830065AEBF /* SceneDelegate.swift */,
				77DBC06E273E07830065AEBF /* Main.storyboard */,
				77DBC071273E07840065AEBF /* Assets.xcassets */,
				77DBC073273E07840065AEBF /* LaunchScreen.storyboard */,
				77DBC076273E07840065AEBF /* Info.plist */,
				77DBC098273E366E0065AEBF /* LoginViewController.swift */,
				77DBC09A273E36800065AEBF /* FeedViewController.swift */,
				28163FFA2744B79D002B17C2 /* PostCell.swift */,
				28163FFC2744B7F1002B17C2 /* QuestionAnswerViewController.swift */,
				28163FFE2744B80E002B17C2 /* NoteViewController.swift */,
				281640002744B820002B17C2 /* ProfileViewController.swift */,
			);
			path = QuickQuiz;
			sourceTree = "<group>";
		};
		77DBC07E273E07840065AEBF /* QuickQuizTests */ = {
			isa = PBXGroup;
			children = (
				77DBC07F273E07840065AEBF /* QuickQuizTests.swift */,
			);
			path = QuickQuizTests;
			sourceTree = "<group>";
		};
		77DBC088273E07840065AEBF /* QuickQuizUITests */ = {
			isa = PBXGroup;
			children = (
				77DBC089273E07840065AEBF /* QuickQuizUITests.swift */,
				77DBC08B273E07840065AEBF /* QuickQuizUITestsLaunchTests.swift */,
			);
			path = QuickQuizUITests;
			sourceTree = "<group>";
		};
		C95CE2D5E7824E0D59427430 /* Pods */ = {
			isa = PBXGroup;
			children = (
				84044E73CD9CE1ECEA865936 /* Pods-QuickQuiz.debug.xcconfig */,
				99C8A92143D8BA0A812B96BA /* Pods-QuickQuiz.release.xcconfig */,
				1980449784CB1B51BB8F5554 /* Pods-QuickQuiz-QuickQuizUITests.debug.xcconfig */,
				413A0D6280347ACC83B2E48A /* Pods-QuickQuiz-QuickQuizUITests.release.xcconfig */,
				2FD1AD2E26D79640E8B8EAB2 /* Pods-QuickQuizTests.debug.xcconfig */,
				3756C6B025B0CE2E148A8391 /* Pods-QuickQuizTests.release.xcconfig */,
			);
			path = Pods;
			sourceTree = "<group>";
		};
/* End PBXGroup section */

/* Begin PBXNativeTarget section */
		77DBC064273E07830065AEBF /* QuickQuiz */ = {
			isa = PBXNativeTarget;
			buildConfigurationList = 77DBC08F273E07840065AEBF /* Build configuration list for PBXNativeTarget "QuickQuiz" */;
			buildPhases = (
				347DFF9AEE6A33EAE6734282 /* [CP] Check Pods Manifest.lock */,
				77DBC061273E07830065AEBF /* Sources */,
				77DBC062273E07830065AEBF /* Frameworks */,
				77DBC063273E07830065AEBF /* Resources */,
				B3C794EDB4504C16993674DA /* [CP] Embed Pods Frameworks */,
			);
			buildRules = (
			);
			dependencies = (
			);
			name = QuickQuiz;
			productName = QuickQuiz;
			productReference = 77DBC065273E07830065AEBF /* QuickQuiz.app */;
			productType = "com.apple.product-type.application";
		};
		77DBC07A273E07840065AEBF /* QuickQuizTests */ = {
			isa = PBXNativeTarget;
			buildConfigurationList = 77DBC092273E07840065AEBF /* Build configuration list for PBXNativeTarget "QuickQuizTests" */;
			buildPhases = (
				281261C6C31A6F24E62C6A25 /* [CP] Check Pods Manifest.lock */,
				77DBC077273E07840065AEBF /* Sources */,
				77DBC078273E07840065AEBF /* Frameworks */,
				77DBC079273E07840065AEBF /* Resources */,
			);
			buildRules = (
			);
			dependencies = (
				77DBC07D273E07840065AEBF /* PBXTargetDependency */,
			);
			name = QuickQuizTests;
			productName = QuickQuizTests;
			productReference = 77DBC07B273E07840065AEBF /* QuickQuizTests.xctest */;
			productType = "com.apple.product-type.bundle.unit-test";
		};
		77DBC084273E07840065AEBF /* QuickQuizUITests */ = {
			isa = PBXNativeTarget;
			buildConfigurationList = 77DBC095273E07840065AEBF /* Build configuration list for PBXNativeTarget "QuickQuizUITests" */;
			buildPhases = (
				C7831BB767B05A79E1042A27 /* [CP] Check Pods Manifest.lock */,
				77DBC081273E07840065AEBF /* Sources */,
				77DBC082273E07840065AEBF /* Frameworks */,
				77DBC083273E07840065AEBF /* Resources */,
				CC38816CAC3D9D70CA6ABFE8 /* [CP] Embed Pods Frameworks */,
			);
			buildRules = (
			);
			dependencies = (
				77DBC087273E07840065AEBF /* PBXTargetDependency */,
			);
			name = QuickQuizUITests;
			productName = QuickQuizUITests;
			productReference = 77DBC085273E07840065AEBF /* QuickQuizUITests.xctest */;
			productType = "com.apple.product-type.bundle.ui-testing";
		};
/* End PBXNativeTarget section */

/* Begin PBXProject section */
		77DBC05D273E07830065AEBF /* Project object */ = {
			isa = PBXProject;
			attributes = {
				BuildIndependentTargetsInParallel = 1;
				LastSwiftUpdateCheck = 1310;
				LastUpgradeCheck = 1310;
				TargetAttributes = {
					77DBC064273E07830065AEBF = {
						CreatedOnToolsVersion = 13.1;
					};
					77DBC07A273E07840065AEBF = {
						CreatedOnToolsVersion = 13.1;
						TestTargetID = 77DBC064273E07830065AEBF;
					};
					77DBC084273E07840065AEBF = {
						CreatedOnToolsVersion = 13.1;
						TestTargetID = 77DBC064273E07830065AEBF;
					};
				};
			};
			buildConfigurationList = 77DBC060273E07830065AEBF /* Build configuration list for PBXProject "QuickQuiz" */;
			compatibilityVersion = "Xcode 13.0";
			developmentRegion = en;
			hasScannedForEncodings = 0;
			knownRegions = (
				en,
				Base,
			);
			mainGroup = 77DBC05C273E07830065AEBF;
			productRefGroup = 77DBC066273E07830065AEBF /* Products */;
			projectDirPath = "";
			projectRoot = "";
			targets = (
				77DBC064273E07830065AEBF /* QuickQuiz */,
				77DBC07A273E07840065AEBF /* QuickQuizTests */,
				77DBC084273E07840065AEBF /* QuickQuizUITests */,
			);
		};
/* End PBXProject section */

/* Begin PBXResourcesBuildPhase section */
		77DBC063273E07830065AEBF /* Resources */ = {
			isa = PBXResourcesBuildPhase;
			buildActionMask = 2147483647;
			files = (
				77DBC075273E07840065AEBF /* LaunchScreen.storyboard in Resources */,
				281640072744C7F5002B17C2 /* bert-base-uncased-vocab.txt in Resources */,
				77DBC072273E07840065AEBF /* Assets.xcassets in Resources */,
				77DBC070273E07830065AEBF /* Main.storyboard in Resources */,
			);
			runOnlyForDeploymentPostprocessing = 0;
		};
		77DBC079273E07840065AEBF /* Resources */ = {
			isa = PBXResourcesBuildPhase;
			buildActionMask = 2147483647;
			files = (
			);
			runOnlyForDeploymentPostprocessing = 0;
		};
		77DBC083273E07840065AEBF /* Resources */ = {
			isa = PBXResourcesBuildPhase;
			buildActionMask = 2147483647;
			files = (
			);
			runOnlyForDeploymentPostprocessing = 0;
		};
/* End PBXResourcesBuildPhase section */

/* Begin PBXShellScriptBuildPhase section */
		281261C6C31A6F24E62C6A25 /* [CP] Check Pods Manifest.lock */ = {
			isa = PBXShellScriptBuildPhase;
			buildActionMask = 2147483647;
			files = (
			);
			inputFileListPaths = (
			);
			inputPaths = (
				"${PODS_PODFILE_DIR_PATH}/Podfile.lock",
				"${PODS_ROOT}/Manifest.lock",
			);
			name = "[CP] Check Pods Manifest.lock";
			outputFileListPaths = (
			);
			outputPaths = (
				"$(DERIVED_FILE_DIR)/Pods-QuickQuizTests-checkManifestLockResult.txt",
			);
			runOnlyForDeploymentPostprocessing = 0;
			shellPath = /bin/sh;
			shellScript = "diff \"${PODS_PODFILE_DIR_PATH}/Podfile.lock\" \"${PODS_ROOT}/Manifest.lock\" > /dev/null\nif [ $? != 0 ] ; then\n    # print error to STDERR\n    echo \"error: The sandbox is not in sync with the Podfile.lock. Run 'pod install' or update your CocoaPods installation.\" >&2\n    exit 1\nfi\n# This output is used by Xcode 'outputs' to avoid re-running this script phase.\necho \"SUCCESS\" > \"${SCRIPT_OUTPUT_FILE_0}\"\n";
			showEnvVarsInLog = 0;
		};
		347DFF9AEE6A33EAE6734282 /* [CP] Check Pods Manifest.lock */ = {
			isa = PBXShellScriptBuildPhase;
			buildActionMask = 2147483647;
			files = (
			);
			inputFileListPaths = (
			);
			inputPaths = (
				"${PODS_PODFILE_DIR_PATH}/Podfile.lock",
				"${PODS_ROOT}/Manifest.lock",
			);
			name = "[CP] Check Pods Manifest.lock";
			outputFileListPaths = (
			);
			outputPaths = (
				"$(DERIVED_FILE_DIR)/Pods-QuickQuiz-checkManifestLockResult.txt",
			);
			runOnlyForDeploymentPostprocessing = 0;
			shellPath = /bin/sh;
			shellScript = "diff \"${PODS_PODFILE_DIR_PATH}/Podfile.lock\" \"${PODS_ROOT}/Manifest.lock\" > /dev/null\nif [ $? != 0 ] ; then\n    # print error to STDERR\n    echo \"error: The sandbox is not in sync with the Podfile.lock. Run 'pod install' or update your CocoaPods installation.\" >&2\n    exit 1\nfi\n# This output is used by Xcode 'outputs' to avoid re-running this script phase.\necho \"SUCCESS\" > \"${SCRIPT_OUTPUT_FILE_0}\"\n";
			showEnvVarsInLog = 0;
		};
		B3C794EDB4504C16993674DA /* [CP] Embed Pods Frameworks */ = {
			isa = PBXShellScriptBuildPhase;
			buildActionMask = 2147483647;
			files = (
			);
			inputFileListPaths = (
				"${PODS_ROOT}/Target Support Files/Pods-QuickQuiz/Pods-QuickQuiz-frameworks-${CONFIGURATION}-input-files.xcfilelist",
			);
			name = "[CP] Embed Pods Frameworks";
			outputFileListPaths = (
				"${PODS_ROOT}/Target Support Files/Pods-QuickQuiz/Pods-QuickQuiz-frameworks-${CONFIGURATION}-output-files.xcfilelist",
			);
			runOnlyForDeploymentPostprocessing = 0;
			shellPath = /bin/sh;
			shellScript = "\"${PODS_ROOT}/Target Support Files/Pods-QuickQuiz/Pods-QuickQuiz-frameworks.sh\"\n";
			showEnvVarsInLog = 0;
		};
		C7831BB767B05A79E1042A27 /* [CP] Check Pods Manifest.lock */ = {
			isa = PBXShellScriptBuildPhase;
			buildActionMask = 2147483647;
			files = (
			);
			inputFileListPaths = (
			);
			inputPaths = (
				"${PODS_PODFILE_DIR_PATH}/Podfile.lock",
				"${PODS_ROOT}/Manifest.lock",
			);
			name = "[CP] Check Pods Manifest.lock";
			outputFileListPaths = (
			);
			outputPaths = (
				"$(DERIVED_FILE_DIR)/Pods-QuickQuiz-QuickQuizUITests-checkManifestLockResult.txt",
			);
			runOnlyForDeploymentPostprocessing = 0;
			shellPath = /bin/sh;
			shellScript = "diff \"${PODS_PODFILE_DIR_PATH}/Podfile.lock\" \"${PODS_ROOT}/Manifest.lock\" > /dev/null\nif [ $? != 0 ] ; then\n    # print error to STDERR\n    echo \"error: The sandbox is not in sync with the Podfile.lock. Run 'pod install' or update your CocoaPods installation.\" >&2\n    exit 1\nfi\n# This output is used by Xcode 'outputs' to avoid re-running this script phase.\necho \"SUCCESS\" > \"${SCRIPT_OUTPUT_FILE_0}\"\n";
			showEnvVarsInLog = 0;
		};
		CC38816CAC3D9D70CA6ABFE8 /* [CP] Embed Pods Frameworks */ = {
			isa = PBXShellScriptBuildPhase;
			buildActionMask = 2147483647;
			files = (
			);
			inputFileListPaths = (
				"${PODS_ROOT}/Target Support Files/Pods-QuickQuiz-QuickQuizUITests/Pods-QuickQuiz-QuickQuizUITests-frameworks-${CONFIGURATION}-input-files.xcfilelist",
			);
			name = "[CP] Embed Pods Frameworks";
			outputFileListPaths = (
				"${PODS_ROOT}/Target Support Files/Pods-QuickQuiz-QuickQuizUITests/Pods-QuickQuiz-QuickQuizUITests-frameworks-${CONFIGURATION}-output-files.xcfilelist",
			);
			runOnlyForDeploymentPostprocessing = 0;
			shellPath = /bin/sh;
			shellScript = "\"${PODS_ROOT}/Target Support Files/Pods-QuickQuiz-QuickQuizUITests/Pods-QuickQuiz-QuickQuizUITests-frameworks.sh\"\n";
			showEnvVarsInLog = 0;
		};
/* End PBXShellScriptBuildPhase section */

/* Begin PBXSourcesBuildPhase section */
		77DBC061273E07830065AEBF /* Sources */ = {
			isa = PBXSourcesBuildPhase;
			buildActionMask = 2147483647;
			files = (
				28163FFF2744B80E002B17C2 /* NoteViewController.swift in Sources */,
				281640152744F730002B17C2 /* BERTQAFP16.mlmodel in Sources */,
				77DBC099273E366E0065AEBF /* LoginViewController.swift in Sources */,
				77DBC069273E07830065AEBF /* AppDelegate.swift in Sources */,
				28163FFD2744B7F1002B17C2 /* QuestionAnswerViewController.swift in Sources */,
				77DBC09B273E36800065AEBF /* FeedViewController.swift in Sources */,
				77DBC06B273E07830065AEBF /* SceneDelegate.swift in Sources */,
				2816400B2744CBEF002B17C2 /* TokenizedString.swift in Sources */,
				2816400D2744CCE8002B17C2 /* BERTInput.swift in Sources */,
				281640112744CD4A002B17C2 /* BERT.swift in Sources */,
				281640092744C8B4002B17C2 /* BERTVocabulary.swift in Sources */,
				281640012744B820002B17C2 /* ProfileViewController.swift in Sources */,
				28163FFB2744B79D002B17C2 /* PostCell.swift in Sources */,
				2816400F2744CD2C002B17C2 /* BERTOutput.swift in Sources */,
			);
			runOnlyForDeploymentPostprocessing = 0;
		};
		77DBC077273E07840065AEBF /* Sources */ = {
			isa = PBXSourcesBuildPhase;
			buildActionMask = 2147483647;
			files = (
				77DBC080273E07840065AEBF /* QuickQuizTests.swift in Sources */,
			);
			runOnlyForDeploymentPostprocessing = 0;
		};
		77DBC081273E07840065AEBF /* Sources */ = {
			isa = PBXSourcesBuildPhase;
			buildActionMask = 2147483647;
			files = (
				77DBC08A273E07840065AEBF /* QuickQuizUITests.swift in Sources */,
				77DBC08C273E07840065AEBF /* QuickQuizUITestsLaunchTests.swift in Sources */,
			);
			runOnlyForDeploymentPostprocessing = 0;
		};
/* End PBXSourcesBuildPhase section */

/* Begin PBXTargetDependency section */
		77DBC07D273E07840065AEBF /* PBXTargetDependency */ = {
			isa = PBXTargetDependency;
			target = 77DBC064273E07830065AEBF /* QuickQuiz */;
			targetProxy = 77DBC07C273E07840065AEBF /* PBXContainerItemProxy */;
		};
		77DBC087273E07840065AEBF /* PBXTargetDependency */ = {
			isa = PBXTargetDependency;
			target = 77DBC064273E07830065AEBF /* QuickQuiz */;
			targetProxy = 77DBC086273E07840065AEBF /* PBXContainerItemProxy */;
		};
/* End PBXTargetDependency section */

/* Begin PBXVariantGroup section */
		77DBC06E273E07830065AEBF /* Main.storyboard */ = {
			isa = PBXVariantGroup;
			children = (
				77DBC06F273E07830065AEBF /* Base */,
			);
			name = Main.storyboard;
			sourceTree = "<group>";
		};
		77DBC073273E07840065AEBF /* LaunchScreen.storyboard */ = {
			isa = PBXVariantGroup;
			children = (
				77DBC074273E07840065AEBF /* Base */,
			);
			name = LaunchScreen.storyboard;
			sourceTree = "<group>";
		};
/* End PBXVariantGroup section */

/* Begin XCBuildConfiguration section */
		77DBC08D273E07840065AEBF /* Debug */ = {
			isa = XCBuildConfiguration;
			buildSettings = {
				ALWAYS_SEARCH_USER_PATHS = NO;
				CLANG_ANALYZER_NONNULL = YES;
				CLANG_ANALYZER_NUMBER_OBJECT_CONVERSION = YES_AGGRESSIVE;
				CLANG_CXX_LANGUAGE_STANDARD = "gnu++17";
				CLANG_CXX_LIBRARY = "libc++";
				CLANG_ENABLE_MODULES = YES;
				CLANG_ENABLE_OBJC_ARC = YES;
				CLANG_ENABLE_OBJC_WEAK = YES;
				CLANG_WARN_BLOCK_CAPTURE_AUTORELEASING = YES;
				CLANG_WARN_BOOL_CONVERSION = YES;
				CLANG_WARN_COMMA = YES;
				CLANG_WARN_CONSTANT_CONVERSION = YES;
				CLANG_WARN_DEPRECATED_OBJC_IMPLEMENTATIONS = YES;
				CLANG_WARN_DIRECT_OBJC_ISA_USAGE = YES_ERROR;
				CLANG_WARN_DOCUMENTATION_COMMENTS = YES;
				CLANG_WARN_EMPTY_BODY = YES;
				CLANG_WARN_ENUM_CONVERSION = YES;
				CLANG_WARN_INFINITE_RECURSION = YES;
				CLANG_WARN_INT_CONVERSION = YES;
				CLANG_WARN_NON_LITERAL_NULL_CONVERSION = YES;
				CLANG_WARN_OBJC_IMPLICIT_RETAIN_SELF = YES;
				CLANG_WARN_OBJC_LITERAL_CONVERSION = YES;
				CLANG_WARN_OBJC_ROOT_CLASS = YES_ERROR;
				CLANG_WARN_QUOTED_INCLUDE_IN_FRAMEWORK_HEADER = YES;
				CLANG_WARN_RANGE_LOOP_ANALYSIS = YES;
				CLANG_WARN_STRICT_PROTOTYPES = YES;
				CLANG_WARN_SUSPICIOUS_MOVE = YES;
				CLANG_WARN_UNGUARDED_AVAILABILITY = YES_AGGRESSIVE;
				CLANG_WARN_UNREACHABLE_CODE = YES;
				CLANG_WARN__DUPLICATE_METHOD_MATCH = YES;
				COPY_PHASE_STRIP = NO;
				DEBUG_INFORMATION_FORMAT = dwarf;
				ENABLE_STRICT_OBJC_MSGSEND = YES;
				ENABLE_TESTABILITY = YES;
				GCC_C_LANGUAGE_STANDARD = gnu11;
				GCC_DYNAMIC_NO_PIC = NO;
				GCC_NO_COMMON_BLOCKS = YES;
				GCC_OPTIMIZATION_LEVEL = 0;
				GCC_PREPROCESSOR_DEFINITIONS = (
					"DEBUG=1",
					"$(inherited)",
				);
				GCC_WARN_64_TO_32_BIT_CONVERSION = YES;
				GCC_WARN_ABOUT_RETURN_TYPE = YES_ERROR;
				GCC_WARN_UNDECLARED_SELECTOR = YES;
				GCC_WARN_UNINITIALIZED_AUTOS = YES_AGGRESSIVE;
				GCC_WARN_UNUSED_FUNCTION = YES;
				GCC_WARN_UNUSED_VARIABLE = YES;
				IPHONEOS_DEPLOYMENT_TARGET = 15.0;
				MTL_ENABLE_DEBUG_INFO = INCLUDE_SOURCE;
				MTL_FAST_MATH = YES;
				ONLY_ACTIVE_ARCH = YES;
				SDKROOT = iphoneos;
				SWIFT_ACTIVE_COMPILATION_CONDITIONS = DEBUG;
				SWIFT_OPTIMIZATION_LEVEL = "-Onone";
			};
			name = Debug;
		};
		77DBC08E273E07840065AEBF /* Release */ = {
			isa = XCBuildConfiguration;
			buildSettings = {
				ALWAYS_SEARCH_USER_PATHS = NO;
				CLANG_ANALYZER_NONNULL = YES;
				CLANG_ANALYZER_NUMBER_OBJECT_CONVERSION = YES_AGGRESSIVE;
				CLANG_CXX_LANGUAGE_STANDARD = "gnu++17";
				CLANG_CXX_LIBRARY = "libc++";
				CLANG_ENABLE_MODULES = YES;
				CLANG_ENABLE_OBJC_ARC = YES;
				CLANG_ENABLE_OBJC_WEAK = YES;
				CLANG_WARN_BLOCK_CAPTURE_AUTORELEASING = YES;
				CLANG_WARN_BOOL_CONVERSION = YES;
				CLANG_WARN_COMMA = YES;
				CLANG_WARN_CONSTANT_CONVERSION = YES;
				CLANG_WARN_DEPRECATED_OBJC_IMPLEMENTATIONS = YES;
				CLANG_WARN_DIRECT_OBJC_ISA_USAGE = YES_ERROR;
				CLANG_WARN_DOCUMENTATION_COMMENTS = YES;
				CLANG_WARN_EMPTY_BODY = YES;
				CLANG_WARN_ENUM_CONVERSION = YES;
				CLANG_WARN_INFINITE_RECURSION = YES;
				CLANG_WARN_INT_CONVERSION = YES;
				CLANG_WARN_NON_LITERAL_NULL_CONVERSION = YES;
				CLANG_WARN_OBJC_IMPLICIT_RETAIN_SELF = YES;
				CLANG_WARN_OBJC_LITERAL_CONVERSION = YES;
				CLANG_WARN_OBJC_ROOT_CLASS = YES_ERROR;
				CLANG_WARN_QUOTED_INCLUDE_IN_FRAMEWORK_HEADER = YES;
				CLANG_WARN_RANGE_LOOP_ANALYSIS = YES;
				CLANG_WARN_STRICT_PROTOTYPES = YES;
				CLANG_WARN_SUSPICIOUS_MOVE = YES;
				CLANG_WARN_UNGUARDED_AVAILABILITY = YES_AGGRESSIVE;
				CLANG_WARN_UNREACHABLE_CODE = YES;
				CLANG_WARN__DUPLICATE_METHOD_MATCH = YES;
				COPY_PHASE_STRIP = NO;
				DEBUG_INFORMATION_FORMAT = "dwarf-with-dsym";
				ENABLE_NS_ASSERTIONS = NO;
				ENABLE_STRICT_OBJC_MSGSEND = YES;
				GCC_C_LANGUAGE_STANDARD = gnu11;
				GCC_NO_COMMON_BLOCKS = YES;
				GCC_WARN_64_TO_32_BIT_CONVERSION = YES;
				GCC_WARN_ABOUT_RETURN_TYPE = YES_ERROR;
				GCC_WARN_UNDECLARED_SELECTOR = YES;
				GCC_WARN_UNINITIALIZED_AUTOS = YES_AGGRESSIVE;
				GCC_WARN_UNUSED_FUNCTION = YES;
				GCC_WARN_UNUSED_VARIABLE = YES;
				IPHONEOS_DEPLOYMENT_TARGET = 15.0;
				MTL_ENABLE_DEBUG_INFO = NO;
				MTL_FAST_MATH = YES;
				SDKROOT = iphoneos;
				SWIFT_COMPILATION_MODE = wholemodule;
				SWIFT_OPTIMIZATION_LEVEL = "-O";
				VALIDATE_PRODUCT = YES;
			};
			name = Release;
		};
		77DBC090273E07840065AEBF /* Debug */ = {
			isa = XCBuildConfiguration;
			baseConfigurationReference = 84044E73CD9CE1ECEA865936 /* Pods-QuickQuiz.debug.xcconfig */;
			buildSettings = {
				ASSETCATALOG_COMPILER_APPICON_NAME = AppIcon;
				ASSETCATALOG_COMPILER_GLOBAL_ACCENT_COLOR_NAME = AccentColor;
				CODE_SIGN_STYLE = Automatic;
				CURRENT_PROJECT_VERSION = 1;
				GENERATE_INFOPLIST_FILE = YES;
				INFOPLIST_FILE = QuickQuiz/Info.plist;
				INFOPLIST_KEY_UIApplicationSupportsIndirectInputEvents = YES;
				INFOPLIST_KEY_UILaunchStoryboardName = LaunchScreen;
				INFOPLIST_KEY_UIMainStoryboardFile = Main;
				INFOPLIST_KEY_UISupportedInterfaceOrientations_iPad = "UIInterfaceOrientationPortrait UIInterfaceOrientationPortraitUpsideDown UIInterfaceOrientationLandscapeLeft UIInterfaceOrientationLandscapeRight";
				INFOPLIST_KEY_UISupportedInterfaceOrientations_iPhone = "UIInterfaceOrientationPortrait UIInterfaceOrientationLandscapeLeft UIInterfaceOrientationLandscapeRight";
				LD_RUNPATH_SEARCH_PATHS = (
					"$(inherited)",
					"@executable_path/Frameworks",
				);
				MARKETING_VERSION = 1.0;
				PRODUCT_BUNDLE_IDENTIFIER = "Quiz-Heads.QuickQuiz";
				PRODUCT_NAME = "$(TARGET_NAME)";
				SWIFT_EMIT_LOC_STRINGS = YES;
				SWIFT_VERSION = 5.0;
				TARGETED_DEVICE_FAMILY = "1,2";
			};
			name = Debug;
		};
		77DBC091273E07840065AEBF /* Release */ = {
			isa = XCBuildConfiguration;
			baseConfigurationReference = 99C8A92143D8BA0A812B96BA /* Pods-QuickQuiz.release.xcconfig */;
			buildSettings = {
				ASSETCATALOG_COMPILER_APPICON_NAME = AppIcon;
				ASSETCATALOG_COMPILER_GLOBAL_ACCENT_COLOR_NAME = AccentColor;
				CODE_SIGN_STYLE = Automatic;
				CURRENT_PROJECT_VERSION = 1;
				GENERATE_INFOPLIST_FILE = YES;
				INFOPLIST_FILE = QuickQuiz/Info.plist;
				INFOPLIST_KEY_UIApplicationSupportsIndirectInputEvents = YES;
				INFOPLIST_KEY_UILaunchStoryboardName = LaunchScreen;
				INFOPLIST_KEY_UIMainStoryboardFile = Main;
				INFOPLIST_KEY_UISupportedInterfaceOrientations_iPad = "UIInterfaceOrientationPortrait UIInterfaceOrientationPortraitUpsideDown UIInterfaceOrientationLandscapeLeft UIInterfaceOrientationLandscapeRight";
				INFOPLIST_KEY_UISupportedInterfaceOrientations_iPhone = "UIInterfaceOrientationPortrait UIInterfaceOrientationLandscapeLeft UIInterfaceOrientationLandscapeRight";
				LD_RUNPATH_SEARCH_PATHS = (
					"$(inherited)",
					"@executable_path/Frameworks",
				);
				MARKETING_VERSION = 1.0;
				PRODUCT_BUNDLE_IDENTIFIER = "Quiz-Heads.QuickQuiz";
				PRODUCT_NAME = "$(TARGET_NAME)";
				SWIFT_EMIT_LOC_STRINGS = YES;
				SWIFT_VERSION = 5.0;
				TARGETED_DEVICE_FAMILY = "1,2";
			};
			name = Release;
		};
		77DBC093273E07840065AEBF /* Debug */ = {
			isa = XCBuildConfiguration;
			baseConfigurationReference = 2FD1AD2E26D79640E8B8EAB2 /* Pods-QuickQuizTests.debug.xcconfig */;
			buildSettings = {
				ALWAYS_EMBED_SWIFT_STANDARD_LIBRARIES = YES;
				BUNDLE_LOADER = "$(TEST_HOST)";
				CODE_SIGN_STYLE = Automatic;
				CURRENT_PROJECT_VERSION = 1;
				GENERATE_INFOPLIST_FILE = YES;
				IPHONEOS_DEPLOYMENT_TARGET = 15.0;
				LD_RUNPATH_SEARCH_PATHS = (
					"$(inherited)",
					"@executable_path/Frameworks",
					"@loader_path/Frameworks",
				);
				MARKETING_VERSION = 1.0;
				PRODUCT_BUNDLE_IDENTIFIER = "Quiz-Heads.QuickQuizTests";
				PRODUCT_NAME = "$(TARGET_NAME)";
				SWIFT_EMIT_LOC_STRINGS = NO;
				SWIFT_VERSION = 5.0;
				TARGETED_DEVICE_FAMILY = "1,2";
				TEST_HOST = "$(BUILT_PRODUCTS_DIR)/QuickQuiz.app/QuickQuiz";
			};
			name = Debug;
		};
		77DBC094273E07840065AEBF /* Release */ = {
			isa = XCBuildConfiguration;
			baseConfigurationReference = 3756C6B025B0CE2E148A8391 /* Pods-QuickQuizTests.release.xcconfig */;
			buildSettings = {
				ALWAYS_EMBED_SWIFT_STANDARD_LIBRARIES = YES;
				BUNDLE_LOADER = "$(TEST_HOST)";
				CODE_SIGN_STYLE = Automatic;
				CURRENT_PROJECT_VERSION = 1;
				GENERATE_INFOPLIST_FILE = YES;
				IPHONEOS_DEPLOYMENT_TARGET = 15.0;
				LD_RUNPATH_SEARCH_PATHS = (
					"$(inherited)",
					"@executable_path/Frameworks",
					"@loader_path/Frameworks",
				);
				MARKETING_VERSION = 1.0;
				PRODUCT_BUNDLE_IDENTIFIER = "Quiz-Heads.QuickQuizTests";
				PRODUCT_NAME = "$(TARGET_NAME)";
				SWIFT_EMIT_LOC_STRINGS = NO;
				SWIFT_VERSION = 5.0;
				TARGETED_DEVICE_FAMILY = "1,2";
				TEST_HOST = "$(BUILT_PRODUCTS_DIR)/QuickQuiz.app/QuickQuiz";
			};
			name = Release;
		};
		77DBC096273E07840065AEBF /* Debug */ = {
			isa = XCBuildConfiguration;
			baseConfigurationReference = 1980449784CB1B51BB8F5554 /* Pods-QuickQuiz-QuickQuizUITests.debug.xcconfig */;
			buildSettings = {
				ALWAYS_EMBED_SWIFT_STANDARD_LIBRARIES = YES;
				CODE_SIGN_STYLE = Automatic;
				CURRENT_PROJECT_VERSION = 1;
				GENERATE_INFOPLIST_FILE = YES;
				LD_RUNPATH_SEARCH_PATHS = (
					"$(inherited)",
					"@executable_path/Frameworks",
					"@loader_path/Frameworks",
				);
				MARKETING_VERSION = 1.0;
				PRODUCT_BUNDLE_IDENTIFIER = "Quiz-Heads.QuickQuizUITests";
				PRODUCT_NAME = "$(TARGET_NAME)";
				SWIFT_EMIT_LOC_STRINGS = NO;
				SWIFT_VERSION = 5.0;
				TARGETED_DEVICE_FAMILY = "1,2";
				TEST_TARGET_NAME = QuickQuiz;
			};
			name = Debug;
		};
		77DBC097273E07840065AEBF /* Release */ = {
			isa = XCBuildConfiguration;
			baseConfigurationReference = 413A0D6280347ACC83B2E48A /* Pods-QuickQuiz-QuickQuizUITests.release.xcconfig */;
			buildSettings = {
				ALWAYS_EMBED_SWIFT_STANDARD_LIBRARIES = YES;
				CODE_SIGN_STYLE = Automatic;
				CURRENT_PROJECT_VERSION = 1;
				GENERATE_INFOPLIST_FILE = YES;
				LD_RUNPATH_SEARCH_PATHS = (
					"$(inherited)",
					"@executable_path/Frameworks",
					"@loader_path/Frameworks",
				);
				MARKETING_VERSION = 1.0;
				PRODUCT_BUNDLE_IDENTIFIER = "Quiz-Heads.QuickQuizUITests";
				PRODUCT_NAME = "$(TARGET_NAME)";
				SWIFT_EMIT_LOC_STRINGS = NO;
				SWIFT_VERSION = 5.0;
				TARGETED_DEVICE_FAMILY = "1,2";
				TEST_TARGET_NAME = QuickQuiz;
			};
			name = Release;
		};
/* End XCBuildConfiguration section */

/* Begin XCConfigurationList section */
		77DBC060273E07830065AEBF /* Build configuration list for PBXProject "QuickQuiz" */ = {
			isa = XCConfigurationList;
			buildConfigurations = (
				77DBC08D273E07840065AEBF /* Debug */,
				77DBC08E273E07840065AEBF /* Release */,
			);
			defaultConfigurationIsVisible = 0;
			defaultConfigurationName = Release;
		};
		77DBC08F273E07840065AEBF /* Build configuration list for PBXNativeTarget "QuickQuiz" */ = {
			isa = XCConfigurationList;
			buildConfigurations = (
				77DBC090273E07840065AEBF /* Debug */,
				77DBC091273E07840065AEBF /* Release */,
			);
			defaultConfigurationIsVisible = 0;
			defaultConfigurationName = Release;
		};
		77DBC092273E07840065AEBF /* Build configuration list for PBXNativeTarget "QuickQuizTests" */ = {
			isa = XCConfigurationList;
			buildConfigurations = (
				77DBC093273E07840065AEBF /* Debug */,
				77DBC094273E07840065AEBF /* Release */,
			);
			defaultConfigurationIsVisible = 0;
			defaultConfigurationName = Release;
		};
		77DBC095273E07840065AEBF /* Build configuration list for PBXNativeTarget "QuickQuizUITests" */ = {
			isa = XCConfigurationList;
			buildConfigurations = (
				77DBC096273E07840065AEBF /* Debug */,
				77DBC097273E07840065AEBF /* Release */,
			);
			defaultConfigurationIsVisible = 0;
			defaultConfigurationName = Release;
		};
/* End XCConfigurationList section */
	};
	rootObject = 77DBC05D273E07830065AEBF /* Project object */;
}
